
Microsoft Visual Studio Solution File, Format Version 12.00
# Visual Studio Version 16
VisualStudioVersion = 16.0.31005.135
MinimumVisualStudioVersion = 10.0.40219.1
Project("{FAE04EC0-301F-11D3-BF4B-00C04F79EFBC}") = "association", "association\association.csproj", "{EF7E5BE1-A549-44F1-ABE8-E182B2897D6B}"
EndProject
Global
	GlobalSection(SolutionConfigurationPlatforms) = preSolution
		Debug|Any CPU = Debug|Any CPU
		Release|Any CPU = Release|Any CPU
	EndGlobalSection
	GlobalSection(ProjectConfigurationPlatforms) = postSolution
		{EF7E5BE1-A549-44F1-ABE8-E182B2897D6B}.Debug|Any CPU.ActiveCfg = Debug|Any CPU
		{EF7E5BE1-A549-44F1-ABE8-E182B2897D6B}.Debug|Any CPU.Build.0 = Debug|Any CPU
		{EF7E5BE1-A549-44F1-ABE8-E182B2897D6B}.Release|Any CPU.ActiveCfg = Release|Any CPU
		{EF7E5BE1-A549-44F1-ABE8-E182B2897D6B}.Release|Any CPU.Build.0 = Release|Any CPU
	EndGlobalSection
	GlobalSection(SolutionProperties) = preSolution
		HideSolutionNode = FALSE
	EndGlobalSection
	GlobalSection(ExtensibilityGlobals) = postSolution
		SolutionGuid = {8703BFB4-ABF3-4BBA-9DD7-D0BF29BA8D2F}
	EndGlobalSection
EndGlobal
